
Microsoft Visual Studio Solution File, Format Version 12.00
# Visual Studio Version 17
VisualStudioVersion = 17.7.34221.43
MinimumVisualStudioVersion = 10.0.40219.1
Project("{9A19103F-16F7-4668-BE54-9A1E7A4F7556}") = "GithubRabbitMQ.Publisher", "GithubRabbitMQ.Publisher\GithubRabbitMQ.Publisher.csproj", "{7605C063-28A0-41A4-9F87-3191BA1CC1EF}"
EndProject
Project("{FAE04EC0-301F-11D3-BF4B-00C04F79EFBC}") = "GithubRabbitMQ.Subscriber", "GithubRabbitMQ.Subscriber\GithubRabbitMQ.Subscriber.csproj", "{C2E4E62A-F41D-4D97-90C8-4F8764A10EBD}"
EndProject
Global
	GlobalSection(SolutionConfigurationPlatforms) = preSolution
		Debug|Any CPU = Debug|Any CPU
		Release|Any CPU = Release|Any CPU
	EndGlobalSection
	GlobalSection(ProjectConfigurationPlatforms) = postSolution
		{7605C063-28A0-41A4-9F87-3191BA1CC1EF}.Debug|Any CPU.ActiveCfg = Debug|Any CPU
		{7605C063-28A0-41A4-9F87-3191BA1CC1EF}.Debug|Any CPU.Build.0 = Debug|Any CPU
		{7605C063-28A0-41A4-9F87-3191BA1CC1EF}.Release|Any CPU.ActiveCfg = Release|Any CPU
		{7605C063-28A0-41A4-9F87-3191BA1CC1EF}.Release|Any CPU.Build.0 = Release|Any CPU
		{C2E4E62A-F41D-4D97-90C8-4F8764A10EBD}.Debug|Any CPU.ActiveCfg = Debug|Any CPU
		{C2E4E62A-F41D-4D97-90C8-4F8764A10EBD}.Debug|Any CPU.Build.0 = Debug|Any CPU
		{C2E4E62A-F41D-4D97-90C8-4F8764A10EBD}.Release|Any CPU.ActiveCfg = Release|Any CPU
		{C2E4E62A-F41D-4D97-90C8-4F8764A10EBD}.Release|Any CPU.Build.0 = Release|Any CPU
	EndGlobalSection
	GlobalSection(SolutionProperties) = preSolution
		HideSolutionNode = FALSE
	EndGlobalSection
	GlobalSection(ExtensibilityGlobals) = postSolution
		SolutionGuid = {D76E4046-0BFC-4785-8F9E-9CD570A03247}
	EndGlobalSection
EndGlobal
